
Microsoft Visual Studio Solution File, Format Version 12.00
# Visual Studio 14
VisualStudioVersion = 14.0.25420.1
MinimumVisualStudioVersion = 10.0.40219.1
Project("{D954291E-2A0B-460D-934E-DC6B0785DB48}") = "anesthesiaconsiderations", "anesthesiaconsiderations\anesthesiaconsiderations\anesthesiaconsiderations.shproj", "{4A98696D-E13F-4453-B1DE-383353941B12}"
EndProject
Project("{FAE04EC0-301F-11D3-BF4B-00C04F79EFBC}") = "anesthesiaconsiderations.Android", "anesthesiaconsiderations\anesthesiaconsiderations.Android\anesthesiaconsiderations.Android.csproj", "{C281ADF9-D7E3-4F2B-A737-AADD112A9CEF}"
EndProject
Project("{FAE04EC0-301F-11D3-BF4B-00C04F79EFBC}") = "anesthesiaconsiderations.iOS", "anesthesiaconsiderations\anesthesiaconsiderations.iOS\anesthesiaconsiderations.iOS.csproj", "{625FFD60-682F-4713-83CD-2282B6BFD175}"
EndProject
Project("{FAE04EC0-301F-11D3-BF4B-00C04F79EFBC}") = "anesthesiaconsiderations.UWP", "anesthesiaconsiderations\anesthesiaconsiderations.UWP\anesthesiaconsiderations.UWP.csproj", "{8D0DACB1-111E-43A1-BD5A-0BB0ED3FE98F}"
EndProject
Global
	GlobalSection(SharedMSBuildProjectFiles) = preSolution
		anesthesiaconsiderations\anesthesiaconsiderations\anesthesiaconsiderations.projitems*{4a98696d-e13f-4453-b1de-383353941b12}*SharedItemsImports = 13
		anesthesiaconsiderations\anesthesiaconsiderations\anesthesiaconsiderations.projitems*{625ffd60-682f-4713-83cd-2282b6bfd175}*SharedItemsImports = 4
		anesthesiaconsiderations\anesthesiaconsiderations\anesthesiaconsiderations.projitems*{c281adf9-d7e3-4f2b-a737-aadd112a9cef}*SharedItemsImports = 4
	EndGlobalSection
	GlobalSection(SolutionConfigurationPlatforms) = preSolution
		Ad-Hoc|Any CPU = Ad-Hoc|Any CPU
		Ad-Hoc|ARM = Ad-Hoc|ARM
		Ad-Hoc|iPhone = Ad-Hoc|iPhone
		Ad-Hoc|iPhoneSimulator = Ad-Hoc|iPhoneSimulator
		Ad-Hoc|x64 = Ad-Hoc|x64
		Ad-Hoc|x86 = Ad-Hoc|x86
		AppStore|Any CPU = AppStore|Any CPU
		AppStore|ARM = AppStore|ARM
		AppStore|iPhone = AppStore|iPhone
		AppStore|iPhoneSimulator = AppStore|iPhoneSimulator
		AppStore|x64 = AppStore|x64
		AppStore|x86 = AppStore|x86
		Debug|Any CPU = Debug|Any CPU
		Debug|ARM = Debug|ARM
		Debug|iPhone = Debug|iPhone
		Debug|iPhoneSimulator = Debug|iPhoneSimulator
		Debug|x64 = Debug|x64
		Debug|x86 = Debug|x86
		Release|Any CPU = Release|Any CPU
		Release|ARM = Release|ARM
		Release|iPhone = Release|iPhone
		Release|iPhoneSimulator = Release|iPhoneSimulator
		Release|x64 = Release|x64
		Release|x86 = Release|x86
	EndGlobalSection
	GlobalSection(ProjectConfigurationPlatforms) = postSolution
		{C281ADF9-D7E3-4F2B-A737-AADD112A9CEF}.Ad-Hoc|Any CPU.ActiveCfg = Release|Any CPU
		{C281ADF9-D7E3-4F2B-A737-AADD112A9CEF}.Ad-Hoc|Any CPU.Build.0 = Release|Any CPU
		{C281ADF9-D7E3-4F2B-A737-AADD112A9CEF}.Ad-Hoc|Any CPU.Deploy.0 = Release|Any CPU
		{C281ADF9-D7E3-4F2B-A737-AADD112A9CEF}.Ad-Hoc|ARM.ActiveCfg = Release|Any CPU
		{C281ADF9-D7E3-4F2B-A737-AADD112A9CEF}.Ad-Hoc|ARM.Build.0 = Release|Any CPU
		{C281ADF9-D7E3-4F2B-A737-AADD112A9CEF}.Ad-Hoc|ARM.Deploy.0 = Release|Any CPU
		{C281ADF9-D7E3-4F2B-A737-AADD112A9CEF}.Ad-Hoc|iPhone.ActiveCfg = Release|Any CPU
		{C281ADF9-D7E3-4F2B-A737-AADD112A9CEF}.Ad-Hoc|iPhone.Build.0 = Release|Any CPU
		{C281ADF9-D7E3-4F2B-A737-AADD112A9CEF}.Ad-Hoc|iPhone.Deploy.0 = Release|Any CPU
		{C281ADF9-D7E3-4F2B-A737-AADD112A9CEF}.Ad-Hoc|iPhoneSimulator.ActiveCfg = Release|Any CPU
		{C281ADF9-D7E3-4F2B-A737-AADD112A9CEF}.Ad-Hoc|iPhoneSimulator.Build.0 = Release|Any CPU
		{C281ADF9-D7E3-4F2B-A737-AADD112A9CEF}.Ad-Hoc|iPhoneSimulator.Deploy.0 = Release|Any CPU
		{C281ADF9-D7E3-4F2B-A737-AADD112A9CEF}.Ad-Hoc|x64.ActiveCfg = Release|Any CPU
		{C281ADF9-D7E3-4F2B-A737-AADD112A9CEF}.Ad-Hoc|x64.Build.0 = Release|Any CPU
		{C281ADF9-D7E3-4F2B-A737-AADD112A9CEF}.Ad-Hoc|x64.Deploy.0 = Release|Any CPU
		{C281ADF9-D7E3-4F2B-A737-AADD112A9CEF}.Ad-Hoc|x86.ActiveCfg = Release|Any CPU
		{C281ADF9-D7E3-4F2B-A737-AADD112A9CEF}.Ad-Hoc|x86.Build.0 = Release|Any CPU
		{C281ADF9-D7E3-4F2B-A737-AADD112A9CEF}.Ad-Hoc|x86.Deploy.0 = Release|Any CPU
		{C281ADF9-D7E3-4F2B-A737-AADD112A9CEF}.AppStore|Any CPU.ActiveCfg = Release|Any CPU
		{C281ADF9-D7E3-4F2B-A737-AADD112A9CEF}.AppStore|Any CPU.Build.0 = Release|Any CPU
		{C281ADF9-D7E3-4F2B-A737-AADD112A9CEF}.AppStore|Any CPU.Deploy.0 = Release|Any CPU
		{C281ADF9-D7E3-4F2B-A737-AADD112A9CEF}.AppStore|ARM.ActiveCfg = Release|Any CPU
		{C281ADF9-D7E3-4F2B-A737-AADD112A9CEF}.AppStore|ARM.Build.0 = Release|Any CPU
		{C281ADF9-D7E3-4F2B-A737-AADD112A9CEF}.AppStore|ARM.Deploy.0 = Release|Any CPU
		{C281ADF9-D7E3-4F2B-A737-AADD112A9CEF}.AppStore|iPhone.ActiveCfg = Release|Any CPU
		{C281ADF9-D7E3-4F2B-A737-AADD112A9CEF}.AppStore|iPhone.Build.0 = Release|Any CPU
		{C281ADF9-D7E3-4F2B-A737-AADD112A9CEF}.AppStore|iPhone.Deploy.0 = Release|Any CPU
		{C281ADF9-D7E3-4F2B-A737-AADD112A9CEF}.AppStore|iPhoneSimulator.ActiveCfg = Release|Any CPU
		{C281ADF9-D7E3-4F2B-A737-AADD112A9CEF}.AppStore|iPhoneSimulator.Build.0 = Release|Any CPU
		{C281ADF9-D7E3-4F2B-A737-AADD112A9CEF}.AppStore|iPhoneSimulator.Deploy.0 = Release|Any CPU
		{C281ADF9-D7E3-4F2B-A737-AADD112A9CEF}.AppStore|x64.ActiveCfg = Release|Any CPU
		{C281ADF9-D7E3-4F2B-A737-AADD112A9CEF}.AppStore|x64.Build.0 = Release|Any CPU
		{C281ADF9-D7E3-4F2B-A737-AADD112A9CEF}.AppStore|x64.Deploy.0 = Release|Any CPU
		{C281ADF9-D7E3-4F2B-A737-AADD112A9CEF}.AppStore|x86.ActiveCfg = Release|Any CPU
		{C281ADF9-D7E3-4F2B-A737-AADD112A9CEF}.AppStore|x86.Build.0 = Release|Any CPU
		{C281ADF9-D7E3-4F2B-A737-AADD112A9CEF}.AppStore|x86.Deploy.0 = Release|Any CPU
		{C281ADF9-D7E3-4F2B-A737-AADD112A9CEF}.Debug|Any CPU.ActiveCfg = Debug|Any CPU
		{C281ADF9-D7E3-4F2B-A737-AADD112A9CEF}.Debug|Any CPU.Build.0 = Debug|Any CPU
		{C281ADF9-D7E3-4F2B-A737-AADD112A9CEF}.Debug|Any CPU.Deploy.0 = Debug|Any CPU
		{C281ADF9-D7E3-4F2B-A737-AADD112A9CEF}.Debug|ARM.ActiveCfg = Debug|Any CPU
		{C281ADF9-D7E3-4F2B-A737-AADD112A9CEF}.Debug|ARM.Build.0 = Debug|Any CPU
		{C281ADF9-D7E3-4F2B-A737-AADD112A9CEF}.Debug|ARM.Deploy.0 = Debug|Any CPU
		{C281ADF9-D7E3-4F2B-A737-AADD112A9CEF}.Debug|iPhone.ActiveCfg = Debug|Any CPU
		{C281ADF9-D7E3-4F2B-A737-AADD112A9CEF}.Debug|iPhone.Build.0 = Debug|Any CPU
		{C281ADF9-D7E3-4F2B-A737-AADD112A9CEF}.Debug|iPhone.Deploy.0 = Debug|Any CPU
		{C281ADF9-D7E3-4F2B-A737-AADD112A9CEF}.Debug|iPhoneSimulator.ActiveCfg = Debug|Any CPU
		{C281ADF9-D7E3-4F2B-A737-AADD112A9CEF}.Debug|iPhoneSimulator.Build.0 = Debug|Any CPU
		{C281ADF9-D7E3-4F2B-A737-AADD112A9CEF}.Debug|iPhoneSimulator.Deploy.0 = Debug|Any CPU
		{C281ADF9-D7E3-4F2B-A737-AADD112A9CEF}.Debug|x64.ActiveCfg = Debug|Any CPU
		{C281ADF9-D7E3-4F2B-A737-AADD112A9CEF}.Debug|x64.Build.0 = Debug|Any CPU
		{C281ADF9-D7E3-4F2B-A737-AADD112A9CEF}.Debug|x64.Deploy.0 = Debug|Any CPU
		{C281ADF9-D7E3-4F2B-A737-AADD112A9CEF}.Debug|x86.ActiveCfg = Debug|Any CPU
		{C281ADF9-D7E3-4F2B-A737-AADD112A9CEF}.Debug|x86.Build.0 = Debug|Any CPU
		{C281ADF9-D7E3-4F2B-A737-AADD112A9CEF}.Debug|x86.Deploy.0 = Debug|Any CPU
		{C281ADF9-D7E3-4F2B-A737-AADD112A9CEF}.Release|Any CPU.ActiveCfg = Release|Any CPU
		{C281ADF9-D7E3-4F2B-A737-AADD112A9CEF}.Release|Any CPU.Build.0 = Release|Any CPU
		{C281ADF9-D7E3-4F2B-A737-AADD112A9CEF}.Release|Any CPU.Deploy.0 = Release|Any CPU
		{C281ADF9-D7E3-4F2B-A737-AADD112A9CEF}.Release|ARM.ActiveCfg = Release|Any CPU
		{C281ADF9-D7E3-4F2B-A737-AADD112A9CEF}.Release|ARM.Build.0 = Release|Any CPU
		{C281ADF9-D7E3-4F2B-A737-AADD112A9CEF}.Release|ARM.Deploy.0 = Release|Any CPU
		{C281ADF9-D7E3-4F2B-A737-AADD112A9CEF}.Release|iPhone.ActiveCfg = Release|Any CPU
		{C281ADF9-D7E3-4F2B-A737-AADD112A9CEF}.Release|iPhone.Build.0 = Release|Any CPU
		{C281ADF9-D7E3-4F2B-A737-AADD112A9CEF}.Release|iPhone.Deploy.0 = Release|Any CPU
		{C281ADF9-D7E3-4F2B-A737-AADD112A9CEF}.Release|iPhoneSimulator.ActiveCfg = Release|Any CPU
		{C281ADF9-D7E3-4F2B-A737-AADD112A9CEF}.Release|iPhoneSimulator.Build.0 = Release|Any CPU
		{C281ADF9-D7E3-4F2B-A737-AADD112A9CEF}.Release|iPhoneSimulator.Deploy.0 = Release|Any CPU
		{C281ADF9-D7E3-4F2B-A737-AADD112A9CEF}.Release|x64.ActiveCfg = Release|Any CPU
		{C281ADF9-D7E3-4F2B-A737-AADD112A9CEF}.Release|x64.Build.0 = Release|Any CPU
		{C281ADF9-D7E3-4F2B-A737-AADD112A9CEF}.Release|x64.Deploy.0 = Release|Any CPU
		{C281ADF9-D7E3-4F2B-A737-AADD112A9CEF}.Release|x86.ActiveCfg = Release|Any CPU
		{C281ADF9-D7E3-4F2B-A737-AADD112A9CEF}.Release|x86.Build.0 = Release|Any CPU
		{C281ADF9-D7E3-4F2B-A737-AADD112A9CEF}.Release|x86.Deploy.0 = Release|Any CPU
		{625FFD60-682F-4713-83CD-2282B6BFD175}.Ad-Hoc|Any CPU.ActiveCfg = Ad-Hoc|iPhone
		{625FFD60-682F-4713-83CD-2282B6BFD175}.Ad-Hoc|ARM.ActiveCfg = Ad-Hoc|iPhone
		{625FFD60-682F-4713-83CD-2282B6BFD175}.Ad-Hoc|iPhone.ActiveCfg = Ad-Hoc|iPhone
		{625FFD60-682F-4713-83CD-2282B6BFD175}.Ad-Hoc|iPhone.Build.0 = Ad-Hoc|iPhone
		{625FFD60-682F-4713-83CD-2282B6BFD175}.Ad-Hoc|iPhoneSimulator.ActiveCfg = Ad-Hoc|iPhoneSimulator
		{625FFD60-682F-4713-83CD-2282B6BFD175}.Ad-Hoc|iPhoneSimulator.Build.0 = Ad-Hoc|iPhoneSimulator
		{625FFD60-682F-4713-83CD-2282B6BFD175}.Ad-Hoc|x64.ActiveCfg = Ad-Hoc|iPhone
		{625FFD60-682F-4713-83CD-2282B6BFD175}.Ad-Hoc|x86.ActiveCfg = Ad-Hoc|iPhone
		{625FFD60-682F-4713-83CD-2282B6BFD175}.AppStore|Any CPU.ActiveCfg = AppStore|iPhone
		{625FFD60-682F-4713-83CD-2282B6BFD175}.AppStore|ARM.ActiveCfg = AppStore|iPhone
		{625FFD60-682F-4713-83CD-2282B6BFD175}.AppStore|iPhone.ActiveCfg = AppStore|iPhone
		{625FFD60-682F-4713-83CD-2282B6BFD175}.AppStore|iPhone.Build.0 = AppStore|iPhone
		{625FFD60-682F-4713-83CD-2282B6BFD175}.AppStore|iPhoneSimulator.ActiveCfg = AppStore|iPhoneSimulator
		{625FFD60-682F-4713-83CD-2282B6BFD175}.AppStore|iPhoneSimulator.Build.0 = AppStore|iPhoneSimulator
		{625FFD60-682F-4713-83CD-2282B6BFD175}.AppStore|x64.ActiveCfg = AppStore|iPhone
		{625FFD60-682F-4713-83CD-2282B6BFD175}.AppStore|x86.ActiveCfg = AppStore|iPhone
		{625FFD60-682F-4713-83CD-2282B6BFD175}.Debug|Any CPU.ActiveCfg = Debug|iPhone
		{625FFD60-682F-4713-83CD-2282B6BFD175}.Debug|ARM.ActiveCfg = Debug|iPhone
		{625FFD60-682F-4713-83CD-2282B6BFD175}.Debug|iPhone.ActiveCfg = Debug|iPhone
		{625FFD60-682F-4713-83CD-2282B6BFD175}.Debug|iPhone.Build.0 = Debug|iPhone
		{625FFD60-682F-4713-83CD-2282B6BFD175}.Debug|iPhoneSimulator.ActiveCfg = Debug|iPhoneSimulator
		{625FFD60-682F-4713-83CD-2282B6BFD175}.Debug|iPhoneSimulator.Build.0 = Debug|iPhoneSimulator
		{625FFD60-682F-4713-83CD-2282B6BFD175}.Debug|x64.ActiveCfg = Debug|iPhone
		{625FFD60-682F-4713-83CD-2282B6BFD175}.Debug|x86.ActiveCfg = Debug|iPhone
		{625FFD60-682F-4713-83CD-2282B6BFD175}.Release|Any CPU.ActiveCfg = Release|iPhone
		{625FFD60-682F-4713-83CD-2282B6BFD175}.Release|ARM.ActiveCfg = Release|iPhone
		{625FFD60-682F-4713-83CD-2282B6BFD175}.Release|iPhone.ActiveCfg = Release|iPhone
		{625FFD60-682F-4713-83CD-2282B6BFD175}.Release|iPhone.Build.0 = Release|iPhone
		{625FFD60-682F-4713-83CD-2282B6BFD175}.Release|iPhoneSimulator.ActiveCfg = Release|iPhoneSimulator
		{625FFD60-682F-4713-83CD-2282B6BFD175}.Release|iPhoneSimulator.Build.0 = Release|iPhoneSimulator
		{625FFD60-682F-4713-83CD-2282B6BFD175}.Release|x64.ActiveCfg = Release|iPhone
		{625FFD60-682F-4713-83CD-2282B6BFD175}.Release|x86.ActiveCfg = Release|iPhone
		{8D0DACB1-111E-43A1-BD5A-0BB0ED3FE98F}.Ad-Hoc|Any CPU.ActiveCfg = Release|x86
		{8D0DACB1-111E-43A1-BD5A-0BB0ED3FE98F}.Ad-Hoc|Any CPU.Build.0 = Release|x86
		{8D0DACB1-111E-43A1-BD5A-0BB0ED3FE98F}.Ad-Hoc|Any CPU.Deploy.0 = Release|x86
		{8D0DACB1-111E-43A1-BD5A-0BB0ED3FE98F}.Ad-Hoc|ARM.ActiveCfg = Release|ARM
		{8D0DACB1-111E-43A1-BD5A-0BB0ED3FE98F}.Ad-Hoc|ARM.Build.0 = Release|ARM
		{8D0DACB1-111E-43A1-BD5A-0BB0ED3FE98F}.Ad-Hoc|ARM.Deploy.0 = Release|ARM
		{8D0DACB1-111E-43A1-BD5A-0BB0ED3FE98F}.Ad-Hoc|iPhone.ActiveCfg = Release|x86
		{8D0DACB1-111E-43A1-BD5A-0BB0ED3FE98F}.Ad-Hoc|iPhone.Build.0 = Release|x86
		{8D0DACB1-111E-43A1-BD5A-0BB0ED3FE98F}.Ad-Hoc|iPhone.Deploy.0 = Release|x86
		{8D0DACB1-111E-43A1-BD5A-0BB0ED3FE98F}.Ad-Hoc|iPhoneSimulator.ActiveCfg = Release|x86
		{8D0DACB1-111E-43A1-BD5A-0BB0ED3FE98F}.Ad-Hoc|iPhoneSimulator.Build.0 = Release|x86
		{8D0DACB1-111E-43A1-BD5A-0BB0ED3FE98F}.Ad-Hoc|iPhoneSimulator.Deploy.0 = Release|x86
		{8D0DACB1-111E-43A1-BD5A-0BB0ED3FE98F}.Ad-Hoc|x64.ActiveCfg = Release|x64
		{8D0DACB1-111E-43A1-BD5A-0BB0ED3FE98F}.Ad-Hoc|x64.Build.0 = Release|x64
		{8D0DACB1-111E-43A1-BD5A-0BB0ED3FE98F}.Ad-Hoc|x64.Deploy.0 = Release|x64
		{8D0DACB1-111E-43A1-BD5A-0BB0ED3FE98F}.Ad-Hoc|x86.ActiveCfg = Release|x86
		{8D0DACB1-111E-43A1-BD5A-0BB0ED3FE98F}.Ad-Hoc|x86.Build.0 = Release|x86
		{8D0DACB1-111E-43A1-BD5A-0BB0ED3FE98F}.Ad-Hoc|x86.Deploy.0 = Release|x86
		{8D0DACB1-111E-43A1-BD5A-0BB0ED3FE98F}.AppStore|Any CPU.ActiveCfg = Release|x86
		{8D0DACB1-111E-43A1-BD5A-0BB0ED3FE98F}.AppStore|Any CPU.Build.0 = Release|x86
		{8D0DACB1-111E-43A1-BD5A-0BB0ED3FE98F}.AppStore|Any CPU.Deploy.0 = Release|x86
		{8D0DACB1-111E-43A1-BD5A-0BB0ED3FE98F}.AppStore|ARM.ActiveCfg = Release|ARM
		{8D0DACB1-111E-43A1-BD5A-0BB0ED3FE98F}.AppStore|ARM.Build.0 = Release|ARM
		{8D0DACB1-111E-43A1-BD5A-0BB0ED3FE98F}.AppStore|ARM.Deploy.0 = Release|ARM
		{8D0DACB1-111E-43A1-BD5A-0BB0ED3FE98F}.AppStore|iPhone.ActiveCfg = Release|x86
		{8D0DACB1-111E-43A1-BD5A-0BB0ED3FE98F}.AppStore|iPhone.Build.0 = Release|x86
		{8D0DACB1-111E-43A1-BD5A-0BB0ED3FE98F}.AppStore|iPhone.Deploy.0 = Release|x86
		{8D0DACB1-111E-43A1-BD5A-0BB0ED3FE98F}.AppStore|iPhoneSimulator.ActiveCfg = Release|x86
		{8D0DACB1-111E-43A1-BD5A-0BB0ED3FE98F}.AppStore|iPhoneSimulator.Build.0 = Release|x86
		{8D0DACB1-111E-43A1-BD5A-0BB0ED3FE98F}.AppStore|iPhoneSimulator.Deploy.0 = Release|x86
		{8D0DACB1-111E-43A1-BD5A-0BB0ED3FE98F}.AppStore|x64.ActiveCfg = Release|x64
		{8D0DACB1-111E-43A1-BD5A-0BB0ED3FE98F}.AppStore|x64.Build.0 = Release|x64
		{8D0DACB1-111E-43A1-BD5A-0BB0ED3FE98F}.AppStore|x64.Deploy.0 = Release|x64
		{8D0DACB1-111E-43A1-BD5A-0BB0ED3FE98F}.AppStore|x86.ActiveCfg = Release|x86
		{8D0DACB1-111E-43A1-BD5A-0BB0ED3FE98F}.AppStore|x86.Build.0 = Release|x86
		{8D0DACB1-111E-43A1-BD5A-0BB0ED3FE98F}.AppStore|x86.Deploy.0 = Release|x86
		{8D0DACB1-111E-43A1-BD5A-0BB0ED3FE98F}.Debug|Any CPU.ActiveCfg = Debug|x86
		{8D0DACB1-111E-43A1-BD5A-0BB0ED3FE98F}.Debug|ARM.ActiveCfg = Debug|ARM
		{8D0DACB1-111E-43A1-BD5A-0BB0ED3FE98F}.Debug|ARM.Build.0 = Debug|ARM
		{8D0DACB1-111E-43A1-BD5A-0BB0ED3FE98F}.Debug|ARM.Deploy.0 = Debug|ARM
		{8D0DACB1-111E-43A1-BD5A-0BB0ED3FE98F}.Debug|iPhone.ActiveCfg = Debug|x86
		{8D0DACB1-111E-43A1-BD5A-0BB0ED3FE98F}.Debug|iPhoneSimulator.ActiveCfg = Debug|x86
		{8D0DACB1-111E-43A1-BD5A-0BB0ED3FE98F}.Debug|x64.ActiveCfg = Debug|x64
		{8D0DACB1-111E-43A1-BD5A-0BB0ED3FE98F}.Debug|x64.Build.0 = Debug|x64
		{8D0DACB1-111E-43A1-BD5A-0BB0ED3FE98F}.Debug|x64.Deploy.0 = Debug|x64
		{8D0DACB1-111E-43A1-BD5A-0BB0ED3FE98F}.Debug|x86.ActiveCfg = Debug|x86
		{8D0DACB1-111E-43A1-BD5A-0BB0ED3FE98F}.Debug|x86.Build.0 = Debug|x86
		{8D0DACB1-111E-43A1-BD5A-0BB0ED3FE98F}.Debug|x86.Deploy.0 = Debug|x86
		{8D0DACB1-111E-43A1-BD5A-0BB0ED3FE98F}.Release|Any CPU.ActiveCfg = Release|x86
		{8D0DACB1-111E-43A1-BD5A-0BB0ED3FE98F}.Release|ARM.ActiveCfg = Release|ARM
		{8D0DACB1-111E-43A1-BD5A-0BB0ED3FE98F}.Release|ARM.Build.0 = Release|ARM
		{8D0DACB1-111E-43A1-BD5A-0BB0ED3FE98F}.Release|ARM.Deploy.0 = Release|ARM
		{8D0DACB1-111E-43A1-BD5A-0BB0ED3FE98F}.Release|iPhone.ActiveCfg = Release|x86
		{8D0DACB1-111E-43A1-BD5A-0BB0ED3FE98F}.Release|iPhoneSimulator.ActiveCfg = Release|x86
		{8D0DACB1-111E-43A1-BD5A-0BB0ED3FE98F}.Release|x64.ActiveCfg = Release|x64
		{8D0DACB1-111E-43A1-BD5A-0BB0ED3FE98F}.Release|x64.Build.0 = Release|x64
		{8D0DACB1-111E-43A1-BD5A-0BB0ED3FE98F}.Release|x64.Deploy.0 = Release|x64
		{8D0DACB1-111E-43A1-BD5A-0BB0ED3FE98F}.Release|x86.ActiveCfg = Release|x86
		{8D0DACB1-111E-43A1-BD5A-0BB0ED3FE98F}.Release|x86.Build.0 = Release|x86
		{8D0DACB1-111E-43A1-BD5A-0BB0ED3FE98F}.Release|x86.Deploy.0 = Release|x86
	EndGlobalSection
	GlobalSection(SolutionProperties) = preSolution
		HideSolutionNode = FALSE
	EndGlobalSection
EndGlobal
